
Microsoft Visual Studio Solution File, Format Version 12.00
# Visual Studio Version 16
VisualStudioVersion = 16.0.30804.86
MinimumVisualStudioVersion = 10.0.40219.1
Project("{FAE04EC0-301F-11D3-BF4B-00C04F79EFBC}") = "AzureGuru", "AzureGuru.csproj", "{4E5E5CA2-704F-4D71-95D4-D6B34D118C99}"
EndProject
Global
	GlobalSection(SolutionConfigurationPlatforms) = preSolution
		Debug|Any CPU = Debug|Any CPU
		Release|Any CPU = Release|Any CPU
	EndGlobalSection
	GlobalSection(ProjectConfigurationPlatforms) = postSolution
		{4E5E5CA2-704F-4D71-95D4-D6B34D118C99}.Debug|Any CPU.ActiveCfg = Debug|Any CPU
		{4E5E5CA2-704F-4D71-95D4-D6B34D118C99}.Debug|Any CPU.Build.0 = Debug|Any CPU
		{4E5E5CA2-704F-4D71-95D4-D6B34D118C99}.Release|Any CPU.ActiveCfg = Release|Any CPU
		{4E5E5CA2-704F-4D71-95D4-D6B34D118C99}.Release|Any CPU.Build.0 = Release|Any CPU
	EndGlobalSection
	GlobalSection(SolutionProperties) = preSolution
		HideSolutionNode = FALSE
	EndGlobalSection
	GlobalSection(ExtensibilityGlobals) = postSolution
		SolutionGuid = {8AEC3C27-915C-4D3D-BF42-38A89B8BD87A}
	EndGlobalSection
EndGlobal
